// !$*UTF8*$!
{
	archiveVersion = 1;
	classes = {
	};
	objectVersion = 55;
	objects = {

/* Begin PBXBuildFile section */
		BD0244E828D0DD4200D6CDE7 /* CategoryEntity.swift in Sources */ = {isa = PBXBuildFile; fileRef = BD0244E728D0DD4200D6CDE7 /* CategoryEntity.swift */; };
		BD0244F028D0E32A00D6CDE7 /* CategoryRepoProtocol.swift in Sources */ = {isa = PBXBuildFile; fileRef = BD0244EF28D0E32A00D6CDE7 /* CategoryRepoProtocol.swift */; };
		BD0244F228D0E3B400D6CDE7 /* GetCategoryUseCase.swift in Sources */ = {isa = PBXBuildFile; fileRef = BD0244F128D0E3B400D6CDE7 /* GetCategoryUseCase.swift */; };
		BD466CCB28DED07C00C96500 /* GameEntity.swift in Sources */ = {isa = PBXBuildFile; fileRef = BD466CCA28DED07C00C96500 /* GameEntity.swift */; };
		BD466CCD28DEED6600C96500 /* ProfileRepoProtocol.swift in Sources */ = {isa = PBXBuildFile; fileRef = BD466CCC28DEED6600C96500 /* ProfileRepoProtocol.swift */; };
		BD466CD128DEFB6600C96500 /* UpdateRecordUsaCase.swift in Sources */ = {isa = PBXBuildFile; fileRef = BD466CD028DEFB6600C96500 /* UpdateRecordUsaCase.swift */; };
		BD466CD428DEFC5D00C96500 /* UpdateHighestScoreUseCase.swift in Sources */ = {isa = PBXBuildFile; fileRef = BD466CD328DEFC5D00C96500 /* UpdateHighestScoreUseCase.swift */; };
		BD466CD628E1DBE800C96500 /* UpdateUsernameUseCase.swift in Sources */ = {isa = PBXBuildFile; fileRef = BD466CD528E1DBE800C96500 /* UpdateUsernameUseCase.swift */; };
		BD466CD828E1DC3500C96500 /* GetRecordUseCase.swift in Sources */ = {isa = PBXBuildFile; fileRef = BD466CD728E1DC3500C96500 /* GetRecordUseCase.swift */; };
		BD466CDA28E1DF2600C96500 /* GetHighestScoresUseCase.swift in Sources */ = {isa = PBXBuildFile; fileRef = BD466CD928E1DF2600C96500 /* GetHighestScoresUseCase.swift */; };
		BD466CDC28E1E0E900C96500 /* GetUserNameUseCase.swift in Sources */ = {isa = PBXBuildFile; fileRef = BD466CDB28E1E0E900C96500 /* GetUserNameUseCase.swift */; };
		BD466CDE28E1E13500C96500 /* SetHighestScoresUseCase.swift in Sources */ = {isa = PBXBuildFile; fileRef = BD466CDD28E1E13500C96500 /* SetHighestScoresUseCase.swift */; };
		BD53036428BA52220057BD1F /* domain.h in Headers */ = {isa = PBXBuildFile; fileRef = BD53036328BA52220057BD1F /* domain.h */; settings = {ATTRIBUTES = (Public, ); }; };
		BD53039928BCEAB50057BD1F /* RxRelay in Frameworks */ = {isa = PBXBuildFile; productRef = BD53039828BCEAB50057BD1F /* RxRelay */; };
		BD53039B28BCEAB50057BD1F /* RxSwift in Frameworks */ = {isa = PBXBuildFile; productRef = BD53039A28BCEAB50057BD1F /* RxSwift */; };
		BD5303A028BCEAC90057BD1F /* Swinject in Frameworks */ = {isa = PBXBuildFile; productRef = BD53039F28BCEAC90057BD1F /* Swinject */; };
		BD5303AE28BCEDAF0057BD1F /* UserEntity.swift in Sources */ = {isa = PBXBuildFile; fileRef = BD5303AD28BCEDAF0057BD1F /* UserEntity.swift */; };
		BD5303B028BCEDC40057BD1F /* QuestionEntity.swift in Sources */ = {isa = PBXBuildFile; fileRef = BD5303AF28BCEDC40057BD1F /* QuestionEntity.swift */; };
		BD5303B228BCEDDB0057BD1F /* StatsEntity.swift in Sources */ = {isa = PBXBuildFile; fileRef = BD5303B128BCEDDB0057BD1F /* StatsEntity.swift */; };
		BD5303B528BCEEAC0057BD1F /* UserRepoProtocol.swift in Sources */ = {isa = PBXBuildFile; fileRef = BD5303B428BCEEAC0057BD1F /* UserRepoProtocol.swift */; };
		BD5303B828BCEF640057BD1F /* Promises in Frameworks */ = {isa = PBXBuildFile; productRef = BD5303B728BCEF640057BD1F /* Promises */; };
		BD5303C628BD002F0057BD1F /* DomainAssesmly.swift in Sources */ = {isa = PBXBuildFile; fileRef = BD5303C528BD002F0057BD1F /* DomainAssesmly.swift */; };
		BD5303D128BD377B0057BD1F /* QuestionRepoProtocol.swift in Sources */ = {isa = PBXBuildFile; fileRef = BD5303D028BD377B0057BD1F /* QuestionRepoProtocol.swift */; };
		BD5303D528BD39D30057BD1F /* GetQuestionUseCase.swift in Sources */ = {isa = PBXBuildFile; fileRef = BD5303D428BD39D30057BD1F /* GetQuestionUseCase.swift */; };
		BD5303D728BD3BA60057BD1F /* StatsRepoProtocol.swift in Sources */ = {isa = PBXBuildFile; fileRef = BD5303D628BD3BA60057BD1F /* StatsRepoProtocol.swift */; };
/* End PBXBuildFile section */

/* Begin PBXFileReference section */
		BD0244E728D0DD4200D6CDE7 /* CategoryEntity.swift */ = {isa = PBXFileReference; lastKnownFileType = sourcecode.swift; path = CategoryEntity.swift; sourceTree = "<group>"; };
		BD0244EF28D0E32A00D6CDE7 /* CategoryRepoProtocol.swift */ = {isa = PBXFileReference; lastKnownFileType = sourcecode.swift; path = CategoryRepoProtocol.swift; sourceTree = "<group>"; };
		BD0244F128D0E3B400D6CDE7 /* GetCategoryUseCase.swift */ = {isa = PBXFileReference; lastKnownFileType = sourcecode.swift; path = GetCategoryUseCase.swift; sourceTree = "<group>"; };
		BD466CCA28DED07C00C96500 /* GameEntity.swift */ = {isa = PBXFileReference; lastKnownFileType = sourcecode.swift; path = GameEntity.swift; sourceTree = "<group>"; };
		BD466CCC28DEED6600C96500 /* ProfileRepoProtocol.swift */ = {isa = PBXFileReference; lastKnownFileType = sourcecode.swift; path = ProfileRepoProtocol.swift; sourceTree = "<group>"; };
		BD466CD028DEFB6600C96500 /* UpdateRecordUsaCase.swift */ = {isa = PBXFileReference; lastKnownFileType = sourcecode.swift; path = UpdateRecordUsaCase.swift; sourceTree = "<group>"; };
		BD466CD328DEFC5D00C96500 /* UpdateHighestScoreUseCase.swift */ = {isa = PBXFileReference; lastKnownFileType = sourcecode.swift; path = UpdateHighestScoreUseCase.swift; sourceTree = "<group>"; };
		BD466CD528E1DBE800C96500 /* UpdateUsernameUseCase.swift */ = {isa = PBXFileReference; lastKnownFileType = sourcecode.swift; path = UpdateUsernameUseCase.swift; sourceTree = "<group>"; };
		BD466CD728E1DC3500C96500 /* GetRecordUseCase.swift */ = {isa = PBXFileReference; lastKnownFileType = sourcecode.swift; path = GetRecordUseCase.swift; sourceTree = "<group>"; };
		BD466CD928E1DF2600C96500 /* GetHighestScoresUseCase.swift */ = {isa = PBXFileReference; lastKnownFileType = sourcecode.swift; path = GetHighestScoresUseCase.swift; sourceTree = "<group>"; };
		BD466CDB28E1E0E900C96500 /* GetUserNameUseCase.swift */ = {isa = PBXFileReference; lastKnownFileType = sourcecode.swift; path = GetUserNameUseCase.swift; sourceTree = "<group>"; };
		BD466CDD28E1E13500C96500 /* SetHighestScoresUseCase.swift */ = {isa = PBXFileReference; lastKnownFileType = sourcecode.swift; path = SetHighestScoresUseCase.swift; sourceTree = "<group>"; };
		BD53036028BA52220057BD1F /* domain.framework */ = {isa = PBXFileReference; explicitFileType = wrapper.framework; includeInIndex = 0; path = domain.framework; sourceTree = BUILT_PRODUCTS_DIR; };
		BD53036328BA52220057BD1F /* domain.h */ = {isa = PBXFileReference; lastKnownFileType = sourcecode.c.h; path = domain.h; sourceTree = "<group>"; };
		BD5303AD28BCEDAF0057BD1F /* UserEntity.swift */ = {isa = PBXFileReference; lastKnownFileType = sourcecode.swift; path = UserEntity.swift; sourceTree = "<group>"; };
		BD5303AF28BCEDC40057BD1F /* QuestionEntity.swift */ = {isa = PBXFileReference; lastKnownFileType = sourcecode.swift; path = QuestionEntity.swift; sourceTree = "<group>"; };
		BD5303B128BCEDDB0057BD1F /* StatsEntity.swift */ = {isa = PBXFileReference; lastKnownFileType = sourcecode.swift; path = StatsEntity.swift; sourceTree = "<group>"; };
		BD5303B428BCEEAC0057BD1F /* UserRepoProtocol.swift */ = {isa = PBXFileReference; lastKnownFileType = sourcecode.swift; path = UserRepoProtocol.swift; sourceTree = "<group>"; };
		BD5303C528BD002F0057BD1F /* DomainAssesmly.swift */ = {isa = PBXFileReference; lastKnownFileType = sourcecode.swift; path = DomainAssesmly.swift; sourceTree = "<group>"; };
		BD5303D028BD377B0057BD1F /* QuestionRepoProtocol.swift */ = {isa = PBXFileReference; lastKnownFileType = sourcecode.swift; path = QuestionRepoProtocol.swift; sourceTree = "<group>"; };
		BD5303D428BD39D30057BD1F /* GetQuestionUseCase.swift */ = {isa = PBXFileReference; lastKnownFileType = sourcecode.swift; path = GetQuestionUseCase.swift; sourceTree = "<group>"; };
		BD5303D628BD3BA60057BD1F /* StatsRepoProtocol.swift */ = {isa = PBXFileReference; lastKnownFileType = sourcecode.swift; path = StatsRepoProtocol.swift; sourceTree = "<group>"; };
/* End PBXFileReference section */

/* Begin PBXFrameworksBuildPhase section */
		BD53035D28BA52220057BD1F /* Frameworks */ = {
			isa = PBXFrameworksBuildPhase;
			buildActionMask = 2147483647;
			files = (
				BD53039B28BCEAB50057BD1F /* RxSwift in Frameworks */,
				BD53039928BCEAB50057BD1F /* RxRelay in Frameworks */,
				BD5303B828BCEF640057BD1F /* Promises in Frameworks */,
				BD5303A028BCEAC90057BD1F /* Swinject in Frameworks */,
			);
			runOnlyForDeploymentPostprocessing = 0;
		};
/* End PBXFrameworksBuildPhase section */

/* Begin PBXGroup section */
		BD466CD228DEFC3300C96500 /* ProfilePage */ = {
			isa = PBXGroup;
			children = (
				BD466CD028DEFB6600C96500 /* UpdateRecordUsaCase.swift */,
				BD466CD328DEFC5D00C96500 /* UpdateHighestScoreUseCase.swift */,
				BD466CD528E1DBE800C96500 /* UpdateUsernameUseCase.swift */,
				BD466CD728E1DC3500C96500 /* GetRecordUseCase.swift */,
				BD466CD928E1DF2600C96500 /* GetHighestScoresUseCase.swift */,
				BD466CDB28E1E0E900C96500 /* GetUserNameUseCase.swift */,
				BD466CDD28E1E13500C96500 /* SetHighestScoresUseCase.swift */,
			);
			path = ProfilePage;
			sourceTree = "<group>";
		};
		BD53035628BA52220057BD1F = {
			isa = PBXGroup;
			children = (
				BD5303C428BD00130057BD1F /* Di */,
				BD5303BC28BCF3890057BD1F /* Use cases */,
				BD5303B328BCEE8A0057BD1F /* Repositories */,
				BD5303AC28BCED640057BD1F /* Entity */,
				BD53036228BA52220057BD1F /* domain */,
				BD53036128BA52220057BD1F /* Products */,
			);
			sourceTree = "<group>";
		};
		BD53036128BA52220057BD1F /* Products */ = {
			isa = PBXGroup;
			children = (
				BD53036028BA52220057BD1F /* domain.framework */,
			);
			name = Products;
			sourceTree = "<group>";
		};
		BD53036228BA52220057BD1F /* domain */ = {
			isa = PBXGroup;
			children = (
				BD53036328BA52220057BD1F /* domain.h */,
			);
			path = domain;
			sourceTree = "<group>";
		};
		BD5303AC28BCED640057BD1F /* Entity */ = {
			isa = PBXGroup;
			children = (
				BD5303AD28BCEDAF0057BD1F /* UserEntity.swift */,
				BD5303B128BCEDDB0057BD1F /* StatsEntity.swift */,
				BD5303AF28BCEDC40057BD1F /* QuestionEntity.swift */,
				BD0244E728D0DD4200D6CDE7 /* CategoryEntity.swift */,
				BD466CCA28DED07C00C96500 /* GameEntity.swift */,
			);
			path = Entity;
			sourceTree = "<group>";
		};
		BD5303B328BCEE8A0057BD1F /* Repositories */ = {
			isa = PBXGroup;
			children = (
				BD5303B428BCEEAC0057BD1F /* UserRepoProtocol.swift */,
				BD5303D028BD377B0057BD1F /* QuestionRepoProtocol.swift */,
				BD5303D628BD3BA60057BD1F /* StatsRepoProtocol.swift */,
				BD0244EF28D0E32A00D6CDE7 /* CategoryRepoProtocol.swift */,
				BD466CCC28DEED6600C96500 /* ProfileRepoProtocol.swift */,
			);
			path = Repositories;
			sourceTree = "<group>";
		};
		BD5303BC28BCF3890057BD1F /* Use cases */ = {
			isa = PBXGroup;
			children = (
				BD466CD228DEFC3300C96500 /* ProfilePage */,
				BD5303D428BD39D30057BD1F /* GetQuestionUseCase.swift */,
				BD0244F128D0E3B400D6CDE7 /* GetCategoryUseCase.swift */,
			);
			path = "Use cases";
			sourceTree = "<group>";
		};
		BD5303C428BD00130057BD1F /* Di */ = {
			isa = PBXGroup;
			children = (
				BD5303C528BD002F0057BD1F /* DomainAssesmly.swift */,
			);
			path = Di;
			sourceTree = "<group>";
		};
/* End PBXGroup section */

/* Begin PBXHeadersBuildPhase section */
		BD53035B28BA52220057BD1F /* Headers */ = {
			isa = PBXHeadersBuildPhase;
			buildActionMask = 2147483647;
			files = (
				BD53036428BA52220057BD1F /* domain.h in Headers */,
			);
			runOnlyForDeploymentPostprocessing = 0;
		};
/* End PBXHeadersBuildPhase section */

/* Begin PBXNativeTarget section */
		BD53035F28BA52220057BD1F /* domain */ = {
			isa = PBXNativeTarget;
			buildConfigurationList = BD53036728BA52220057BD1F /* Build configuration list for PBXNativeTarget "domain" */;
			buildPhases = (
				BD53035B28BA52220057BD1F /* Headers */,
				BD53035C28BA52220057BD1F /* Sources */,
				BD53035D28BA52220057BD1F /* Frameworks */,
				BD53035E28BA52220057BD1F /* Resources */,
			);
			buildRules = (
			);
			dependencies = (
			);
			name = domain;
			packageProductDependencies = (
				BD53039828BCEAB50057BD1F /* RxRelay */,
				BD53039A28BCEAB50057BD1F /* RxSwift */,
				BD53039F28BCEAC90057BD1F /* Swinject */,
				BD5303B728BCEF640057BD1F /* Promises */,
			);
			productName = domain;
			productReference = BD53036028BA52220057BD1F /* domain.framework */;
			productType = "com.apple.product-type.framework";
		};
/* End PBXNativeTarget section */

/* Begin PBXProject section */
		BD53035728BA52220057BD1F /* Project object */ = {
			isa = PBXProject;
			attributes = {
				BuildIndependentTargetsInParallel = 1;
				LastUpgradeCheck = 1340;
				TargetAttributes = {
					BD53035F28BA52220057BD1F = {
						CreatedOnToolsVersion = 13.4.1;
						LastSwiftMigration = 1340;
					};
				};
			};
			buildConfigurationList = BD53035A28BA52220057BD1F /* Build configuration list for PBXProject "domain" */;
			compatibilityVersion = "Xcode 13.0";
			developmentRegion = en;
			hasScannedForEncodings = 0;
			knownRegions = (
				en,
				Base,
			);
			mainGroup = BD53035628BA52220057BD1F;
			packageReferences = (
				BD53039728BCEAB50057BD1F /* XCRemoteSwiftPackageReference "RxSwift" */,
				BD53039E28BCEAC90057BD1F /* XCRemoteSwiftPackageReference "Swinject" */,
				BD5303B628BCEF640057BD1F /* XCRemoteSwiftPackageReference "promises" */,
			);
			productRefGroup = BD53036128BA52220057BD1F /* Products */;
			projectDirPath = "";
			projectRoot = "";
			targets = (
				BD53035F28BA52220057BD1F /* domain */,
			);
		};
/* End PBXProject section */

/* Begin PBXResourcesBuildPhase section */
		BD53035E28BA52220057BD1F /* Resources */ = {
			isa = PBXResourcesBuildPhase;
			buildActionMask = 2147483647;
			files = (
			);
			runOnlyForDeploymentPostprocessing = 0;
		};
/* End PBXResourcesBuildPhase section */

/* Begin PBXSourcesBuildPhase section */
		BD53035C28BA52220057BD1F /* Sources */ = {
			isa = PBXSourcesBuildPhase;
			buildActionMask = 2147483647;
			files = (
				BD5303D128BD377B0057BD1F /* QuestionRepoProtocol.swift in Sources */,
				BD466CD128DEFB6600C96500 /* UpdateRecordUsaCase.swift in Sources */,
				BD466CD628E1DBE800C96500 /* UpdateUsernameUseCase.swift in Sources */,
				BD466CCD28DEED6600C96500 /* ProfileRepoProtocol.swift in Sources */,
				BD466CDE28E1E13500C96500 /* SetHighestScoresUseCase.swift in Sources */,
				BD5303C628BD002F0057BD1F /* DomainAssesmly.swift in Sources */,
				BD0244F228D0E3B400D6CDE7 /* GetCategoryUseCase.swift in Sources */,
				BD466CDA28E1DF2600C96500 /* GetHighestScoresUseCase.swift in Sources */,
				BD466CCB28DED07C00C96500 /* GameEntity.swift in Sources */,
				BD0244F028D0E32A00D6CDE7 /* CategoryRepoProtocol.swift in Sources */,
				BD466CD428DEFC5D00C96500 /* UpdateHighestScoreUseCase.swift in Sources */,
				BD5303D728BD3BA60057BD1F /* StatsRepoProtocol.swift in Sources */,
				BD466CDC28E1E0E900C96500 /* GetUserNameUseCase.swift in Sources */,
				BD5303B528BCEEAC0057BD1F /* UserRepoProtocol.swift in Sources */,
				BD5303D528BD39D30057BD1F /* GetQuestionUseCase.swift in Sources */,
				BD466CD828E1DC3500C96500 /* GetRecordUseCase.swift in Sources */,
				BD5303B228BCEDDB0057BD1F /* StatsEntity.swift in Sources */,
				BD5303B028BCEDC40057BD1F /* QuestionEntity.swift in Sources */,
				BD0244E828D0DD4200D6CDE7 /* CategoryEntity.swift in Sources */,
				BD5303AE28BCEDAF0057BD1F /* UserEntity.swift in Sources */,
			);
			runOnlyForDeploymentPostprocessing = 0;
		};
/* End PBXSourcesBuildPhase section */

/* Begin XCBuildConfiguration section */
		BD53036528BA52220057BD1F /* Debug */ = {
			isa = XCBuildConfiguration;
			buildSettings = {
				ALWAYS_SEARCH_USER_PATHS = NO;
				CLANG_ANALYZER_NONNULL = YES;
				CLANG_ANALYZER_NUMBER_OBJECT_CONVERSION = YES_AGGRESSIVE;
				CLANG_CXX_LANGUAGE_STANDARD = "gnu++17";
				CLANG_ENABLE_MODULES = YES;
				CLANG_ENABLE_OBJC_ARC = YES;
				CLANG_ENABLE_OBJC_WEAK = YES;
				CLANG_WARN_BLOCK_CAPTURE_AUTORELEASING = YES;
				CLANG_WARN_BOOL_CONVERSION = YES;
				CLANG_WARN_COMMA = YES;
				CLANG_WARN_CONSTANT_CONVERSION = YES;
				CLANG_WARN_DEPRECATED_OBJC_IMPLEMENTATIONS = YES;
				CLANG_WARN_DIRECT_OBJC_ISA_USAGE = YES_ERROR;
				CLANG_WARN_DOCUMENTATION_COMMENTS = YES;
				CLANG_WARN_EMPTY_BODY = YES;
				CLANG_WARN_ENUM_CONVERSION = YES;
				CLANG_WARN_INFINITE_RECURSION = YES;
				CLANG_WARN_INT_CONVERSION = YES;
				CLANG_WARN_NON_LITERAL_NULL_CONVERSION = YES;
				CLANG_WARN_OBJC_IMPLICIT_RETAIN_SELF = YES;
				CLANG_WARN_OBJC_LITERAL_CONVERSION = YES;
				CLANG_WARN_OBJC_ROOT_CLASS = YES_ERROR;
				CLANG_WARN_QUOTED_INCLUDE_IN_FRAMEWORK_HEADER = YES;
				CLANG_WARN_RANGE_LOOP_ANALYSIS = YES;
				CLANG_WARN_STRICT_PROTOTYPES = YES;
				CLANG_WARN_SUSPICIOUS_MOVE = YES;
				CLANG_WARN_UNGUARDED_AVAILABILITY = YES_AGGRESSIVE;
				CLANG_WARN_UNREACHABLE_CODE = YES;
				CLANG_WARN__DUPLICATE_METHOD_MATCH = YES;
				COPY_PHASE_STRIP = NO;
				CURRENT_PROJECT_VERSION = 1;
				DEBUG_INFORMATION_FORMAT = dwarf;
				ENABLE_STRICT_OBJC_MSGSEND = YES;
				ENABLE_TESTABILITY = YES;
				GCC_C_LANGUAGE_STANDARD = gnu11;
				GCC_DYNAMIC_NO_PIC = NO;
				GCC_NO_COMMON_BLOCKS = YES;
				GCC_OPTIMIZATION_LEVEL = 0;
				GCC_PREPROCESSOR_DEFINITIONS = (
					"DEBUG=1",
					"$(inherited)",
				);
				GCC_WARN_64_TO_32_BIT_CONVERSION = YES;
				GCC_WARN_ABOUT_RETURN_TYPE = YES_ERROR;
				GCC_WARN_UNDECLARED_SELECTOR = YES;
				GCC_WARN_UNINITIALIZED_AUTOS = YES_AGGRESSIVE;
				GCC_WARN_UNUSED_FUNCTION = YES;
				GCC_WARN_UNUSED_VARIABLE = YES;
				IPHONEOS_DEPLOYMENT_TARGET = 14.0;
				MTL_ENABLE_DEBUG_INFO = INCLUDE_SOURCE;
				MTL_FAST_MATH = YES;
				ONLY_ACTIVE_ARCH = YES;
				SDKROOT = iphoneos;
				SWIFT_ACTIVE_COMPILATION_CONDITIONS = DEBUG;
				SWIFT_OPTIMIZATION_LEVEL = "-Onone";
				VERSIONING_SYSTEM = "apple-generic";
				VERSION_INFO_PREFIX = "";
			};
			name = Debug;
		};
		BD53036628BA52220057BD1F /* Release */ = {
			isa = XCBuildConfiguration;
			buildSettings = {
				ALWAYS_SEARCH_USER_PATHS = NO;
				CLANG_ANALYZER_NONNULL = YES;
				CLANG_ANALYZER_NUMBER_OBJECT_CONVERSION = YES_AGGRESSIVE;
				CLANG_CXX_LANGUAGE_STANDARD = "gnu++17";
				CLANG_ENABLE_MODULES = YES;
				CLANG_ENABLE_OBJC_ARC = YES;
				CLANG_ENABLE_OBJC_WEAK = YES;
				CLANG_WARN_BLOCK_CAPTURE_AUTORELEASING = YES;
				CLANG_WARN_BOOL_CONVERSION = YES;
				CLANG_WARN_COMMA = YES;
				CLANG_WARN_CONSTANT_CONVERSION = YES;
				CLANG_WARN_DEPRECATED_OBJC_IMPLEMENTATIONS = YES;
				CLANG_WARN_DIRECT_OBJC_ISA_USAGE = YES_ERROR;
				CLANG_WARN_DOCUMENTATION_COMMENTS = YES;
				CLANG_WARN_EMPTY_BODY = YES;
				CLANG_WARN_ENUM_CONVERSION = YES;
				CLANG_WARN_INFINITE_RECURSION = YES;
				CLANG_WARN_INT_CONVERSION = YES;
				CLANG_WARN_NON_LITERAL_NULL_CONVERSION = YES;
				CLANG_WARN_OBJC_IMPLICIT_RETAIN_SELF = YES;
				CLANG_WARN_OBJC_LITERAL_CONVERSION = YES;
				CLANG_WARN_OBJC_ROOT_CLASS = YES_ERROR;
				CLANG_WARN_QUOTED_INCLUDE_IN_FRAMEWORK_HEADER = YES;
				CLANG_WARN_RANGE_LOOP_ANALYSIS = YES;
				CLANG_WARN_STRICT_PROTOTYPES = YES;
				CLANG_WARN_SUSPICIOUS_MOVE = YES;
				CLANG_WARN_UNGUARDED_AVAILABILITY = YES_AGGRESSIVE;
				CLANG_WARN_UNREACHABLE_CODE = YES;
				CLANG_WARN__DUPLICATE_METHOD_MATCH = YES;
				COPY_PHASE_STRIP = NO;
				CURRENT_PROJECT_VERSION = 1;
				DEBUG_INFORMATION_FORMAT = "dwarf-with-dsym";
				ENABLE_NS_ASSERTIONS = NO;
				ENABLE_STRICT_OBJC_MSGSEND = YES;
				GCC_C_LANGUAGE_STANDARD = gnu11;
				GCC_NO_COMMON_BLOCKS = YES;
				GCC_WARN_64_TO_32_BIT_CONVERSION = YES;
				GCC_WARN_ABOUT_RETURN_TYPE = YES_ERROR;
				GCC_WARN_UNDECLARED_SELECTOR = YES;
				GCC_WARN_UNINITIALIZED_AUTOS = YES_AGGRESSIVE;
				GCC_WARN_UNUSED_FUNCTION = YES;
				GCC_WARN_UNUSED_VARIABLE = YES;
				IPHONEOS_DEPLOYMENT_TARGET = 14.0;
				MTL_ENABLE_DEBUG_INFO = NO;
				MTL_FAST_MATH = YES;
				SDKROOT = iphoneos;
				SWIFT_COMPILATION_MODE = wholemodule;
				SWIFT_OPTIMIZATION_LEVEL = "-O";
				VALIDATE_PRODUCT = YES;
				VERSIONING_SYSTEM = "apple-generic";
				VERSION_INFO_PREFIX = "";
			};
			name = Release;
		};
		BD53036828BA52220057BD1F /* Debug */ = {
			isa = XCBuildConfiguration;
			buildSettings = {
				CLANG_ENABLE_MODULES = YES;
				CODE_SIGN_STYLE = Automatic;
				CURRENT_PROJECT_VERSION = 1;
				DEFINES_MODULE = YES;
				DYLIB_COMPATIBILITY_VERSION = 1;
				DYLIB_CURRENT_VERSION = 1;
				DYLIB_INSTALL_NAME_BASE = "@rpath";
				GENERATE_INFOPLIST_FILE = YES;
				INFOPLIST_KEY_NSHumanReadableCopyright = "";
				INSTALL_PATH = "$(LOCAL_LIBRARY_DIR)/Frameworks";
				IPHONEOS_DEPLOYMENT_TARGET = 14.0;
				LD_RUNPATH_SEARCH_PATHS = (
					"$(inherited)",
					"@executable_path/Frameworks",
					"@loader_path/Frameworks",
				);
				MARKETING_VERSION = 1.0;
				PRODUCT_BUNDLE_IDENTIFIER = com.thenexprojects.domain;
				PRODUCT_NAME = "$(TARGET_NAME:c99extidentifier)";
				SKIP_INSTALL = YES;
				SUPPORTS_MACCATALYST = NO;
				SWIFT_EMIT_LOC_STRINGS = YES;
				SWIFT_OPTIMIZATION_LEVEL = "-Onone";
				SWIFT_VERSION = 5.0;
				TARGETED_DEVICE_FAMILY = "1,2";
			};
			name = Debug;
		};
		BD53036928BA52220057BD1F /* Release */ = {
			isa = XCBuildConfiguration;
			buildSettings = {
				CLANG_ENABLE_MODULES = YES;
				CODE_SIGN_STYLE = Automatic;
				CURRENT_PROJECT_VERSION = 1;
				DEFINES_MODULE = YES;
				DYLIB_COMPATIBILITY_VERSION = 1;
				DYLIB_CURRENT_VERSION = 1;
				DYLIB_INSTALL_NAME_BASE = "@rpath";
				GENERATE_INFOPLIST_FILE = YES;
				INFOPLIST_KEY_NSHumanReadableCopyright = "";
				INSTALL_PATH = "$(LOCAL_LIBRARY_DIR)/Frameworks";
				IPHONEOS_DEPLOYMENT_TARGET = 14.0;
				LD_RUNPATH_SEARCH_PATHS = (
					"$(inherited)",
					"@executable_path/Frameworks",
					"@loader_path/Frameworks",
				);
				MARKETING_VERSION = 1.0;
				PRODUCT_BUNDLE_IDENTIFIER = com.thenexprojects.domain;
				PRODUCT_NAME = "$(TARGET_NAME:c99extidentifier)";
				SKIP_INSTALL = YES;
				SUPPORTS_MACCATALYST = NO;
				SWIFT_EMIT_LOC_STRINGS = YES;
				SWIFT_VERSION = 5.0;
				TARGETED_DEVICE_FAMILY = "1,2";
			};
			name = Release;
		};
/* End XCBuildConfiguration section */

/* Begin XCConfigurationList section */
		BD53035A28BA52220057BD1F /* Build configuration list for PBXProject "domain" */ = {
			isa = XCConfigurationList;
			buildConfigurations = (
				BD53036528BA52220057BD1F /* Debug */,
				BD53036628BA52220057BD1F /* Release */,
			);
			defaultConfigurationIsVisible = 0;
			defaultConfigurationName = Release;
		};
		BD53036728BA52220057BD1F /* Build configuration list for PBXNativeTarget "domain" */ = {
			isa = XCConfigurationList;
			buildConfigurations = (
				BD53036828BA52220057BD1F /* Debug */,
				BD53036928BA52220057BD1F /* Release */,
			);
			defaultConfigurationIsVisible = 0;
			defaultConfigurationName = Release;
		};
/* End XCConfigurationList section */

/* Begin XCRemoteSwiftPackageReference section */
		BD53039728BCEAB50057BD1F /* XCRemoteSwiftPackageReference "RxSwift" */ = {
			isa = XCRemoteSwiftPackageReference;
			repositoryURL = "https://github.com/ReactiveX/RxSwift.git";
			requirement = {
				kind = exactVersion;
				version = 6.5.0;
			};
		};
		BD53039E28BCEAC90057BD1F /* XCRemoteSwiftPackageReference "Swinject" */ = {
			isa = XCRemoteSwiftPackageReference;
			repositoryURL = "https://github.com/Swinject/Swinject.git";
			requirement = {
				kind = exactVersion;
				version = 2.8.2;
			};
		};
		BD5303B628BCEF640057BD1F /* XCRemoteSwiftPackageReference "promises" */ = {
			isa = XCRemoteSwiftPackageReference;
			repositoryURL = "https://github.com/google/promises.git";
			requirement = {
				kind = upToNextMajorVersion;
				minimumVersion = 2.0.0;
			};
		};
/* End XCRemoteSwiftPackageReference section */

/* Begin XCSwiftPackageProductDependency section */
		BD53039828BCEAB50057BD1F /* RxRelay */ = {
			isa = XCSwiftPackageProductDependency;
			package = BD53039728BCEAB50057BD1F /* XCRemoteSwiftPackageReference "RxSwift" */;
			productName = RxRelay;
		};
		BD53039A28BCEAB50057BD1F /* RxSwift */ = {
			isa = XCSwiftPackageProductDependency;
			package = BD53039728BCEAB50057BD1F /* XCRemoteSwiftPackageReference "RxSwift" */;
			productName = RxSwift;
		};
		BD53039F28BCEAC90057BD1F /* Swinject */ = {
			isa = XCSwiftPackageProductDependency;
			package = BD53039E28BCEAC90057BD1F /* XCRemoteSwiftPackageReference "Swinject" */;
			productName = Swinject;
		};
		BD5303B728BCEF640057BD1F /* Promises */ = {
			isa = XCSwiftPackageProductDependency;
			package = BD5303B628BCEF640057BD1F /* XCRemoteSwiftPackageReference "promises" */;
			productName = Promises;
		};
/* End XCSwiftPackageProductDependency section */
	};
	rootObject = BD53035728BA52220057BD1F /* Project object */;
}
